// !$*UTF8*$!
{
	archiveVersion = 1;
	classes = {
	};
	objectVersion = 50;
	objects = {

/* Begin PBXBuildFile section */
		E7132137267DBE1D00195D5E /* AppDelegate.swift in Sources */ = {isa = PBXBuildFile; fileRef = E7132136267DBE1D00195D5E /* AppDelegate.swift */; };
		E7132139267DBE1D00195D5E /* SceneDelegate.swift in Sources */ = {isa = PBXBuildFile; fileRef = E7132138267DBE1D00195D5E /* SceneDelegate.swift */; };
		E713213B267DBE1D00195D5E /* ViewController.swift in Sources */ = {isa = PBXBuildFile; fileRef = E713213A267DBE1D00195D5E /* ViewController.swift */; };
		E713213E267DBE1D00195D5E /* Main.storyboard in Resources */ = {isa = PBXBuildFile; fileRef = E713213C267DBE1D00195D5E /* Main.storyboard */; };
		E7132140267DBE2B00195D5E /* Assets.xcassets in Resources */ = {isa = PBXBuildFile; fileRef = E713213F267DBE2B00195D5E /* Assets.xcassets */; };
		E7132143267DBE2B00195D5E /* LaunchScreen.storyboard in Resources */ = {isa = PBXBuildFile; fileRef = E7132141267DBE2B00195D5E /* LaunchScreen.storyboard */; };
		E77D2C1F267F0E5D002DC738 /* result.swift in Sources */ = {isa = PBXBuildFile; fileRef = E77D2C1E267F0E5D002DC738 /* result.swift */; };
/* End PBXBuildFile section */

/* Begin PBXFileReference section */
		E7132133267DBE1D00195D5E /* EvenOdd.app */ = {isa = PBXFileReference; explicitFileType = wrapper.application; includeInIndex = 0; path = EvenOdd.app; sourceTree = BUILT_PRODUCTS_DIR; };
		E7132136267DBE1D00195D5E /* AppDelegate.swift */ = {isa = PBXFileReference; lastKnownFileType = sourcecode.swift; path = AppDelegate.swift; sourceTree = "<group>"; };
		E7132138267DBE1D00195D5E /* SceneDelegate.swift */ = {isa = PBXFileReference; lastKnownFileType = sourcecode.swift; path = SceneDelegate.swift; sourceTree = "<group>"; };
		E713213A267DBE1D00195D5E /* ViewController.swift */ = {isa = PBXFileReference; lastKnownFileType = sourcecode.swift; path = ViewController.swift; sourceTree = "<group>"; };
		E713213D267DBE1D00195D5E /* Base */ = {isa = PBXFileReference; lastKnownFileType = file.storyboard; name = Base; path = Base.lproj/Main.storyboard; sourceTree = "<group>"; };
		E713213F267DBE2B00195D5E /* Assets.xcassets */ = {isa = PBXFileReference; lastKnownFileType = folder.assetcatalog; path = Assets.xcassets; sourceTree = "<group>"; };
		E7132142267DBE2B00195D5E /* Base */ = {isa = PBXFileReference; lastKnownFileType = file.storyboard; name = Base; path = Base.lproj/LaunchScreen.storyboard; sourceTree = "<group>"; };
		E7132144267DBE2B00195D5E /* Info.plist */ = {isa = PBXFileReference; lastKnownFileType = text.plist.xml; path = Info.plist; sourceTree = "<group>"; };
		E77D2C1E267F0E5D002DC738 /* result.swift */ = {isa = PBXFileReference; lastKnownFileType = sourcecode.swift; path = result.swift; sourceTree = "<group>"; };
/* End PBXFileReference section */

/* Begin PBXFrameworksBuildPhase section */
		E7132130267DBE1D00195D5E /* Frameworks */ = {
			isa = PBXFrameworksBuildPhase;
			buildActionMask = 2147483647;
			files = (
			);
			runOnlyForDeploymentPostprocessing = 0;
		};
/* End PBXFrameworksBuildPhase section */

/* Begin PBXGroup section */
		E713212A267DBE1D00195D5E = {
			isa = PBXGroup;
			children = (
				E7132135267DBE1D00195D5E /* EvenOdd */,
				E7132134267DBE1D00195D5E /* Products */,
			);
			sourceTree = "<group>";
		};
		E7132134267DBE1D00195D5E /* Products */ = {
			isa = PBXGroup;
			children = (
				E7132133267DBE1D00195D5E /* EvenOdd.app */,
			);
			name = Products;
			sourceTree = "<group>";
		};
		E7132135267DBE1D00195D5E /* EvenOdd */ = {
			isa = PBXGroup;
			children = (
				E7132136267DBE1D00195D5E /* AppDelegate.swift */,
				E7132138267DBE1D00195D5E /* SceneDelegate.swift */,
				E713213A267DBE1D00195D5E /* ViewController.swift */,
				E713213C267DBE1D00195D5E /* Main.storyboard */,
				E713213F267DBE2B00195D5E /* Assets.xcassets */,
				E7132141267DBE2B00195D5E /* LaunchScreen.storyboard */,
				E7132144267DBE2B00195D5E /* Info.plist */,
				E77D2C1E267F0E5D002DC738 /* result.swift */,
			);
			path = EvenOdd;
			sourceTree = "<group>";
		};
/* End PBXGroup section */

/* Begin PBXNativeTarget section */
		E7132132267DBE1D00195D5E /* EvenOdd */ = {
			isa = PBXNativeTarget;
			buildConfigurationList = E7132147267DBE2B00195D5E /* Build configuration list for PBXNativeTarget "EvenOdd" */;
			buildPhases = (
				E713212F267DBE1D00195D5E /* Sources */,
				E7132130267DBE1D00195D5E /* Frameworks */,
				E7132131267DBE1D00195D5E /* Resources */,
			);
			buildRules = (
			);
			dependencies = (
			);
			name = EvenOdd;
			productName = EvenOdd;
			productReference = E7132133267DBE1D00195D5E /* EvenOdd.app */;
			productType = "com.apple.product-type.application";
		};
/* End PBXNativeTarget section */

/* Begin PBXProject section */
		E713212B267DBE1D00195D5E /* Project object */ = {
			isa = PBXProject;
			attributes = {
				LastSwiftUpdateCheck = 1130;
				LastUpgradeCheck = 1130;
				ORGANIZATIONNAME = Sandhya;
				TargetAttributes = {
					E7132132267DBE1D00195D5E = {
						CreatedOnToolsVersion = 11.3.1;
					};
				};
			};
			buildConfigurationList = E713212E267DBE1D00195D5E /* Build configuration list for PBXProject "EvenOdd" */;
			compatibilityVersion = "Xcode 9.3";
			developmentRegion = en;
			hasScannedForEncodings = 0;
			knownRegions = (
				en,
				Base,
			);
			mainGroup = E713212A267DBE1D00195D5E;
			productRefGroup = E7132134267DBE1D00195D5E /* Products */;
			projectDirPath = "";
			projectRoot = "";
			targets = (
				E7132132267DBE1D00195D5E /* EvenOdd */,
			);
		};
/* End PBXProject section */

/* Begin PBXResourcesBuildPhase section */
		E7132131267DBE1D00195D5E /* Resources */ = {
			isa = PBXResourcesBuildPhase;
			buildActionMask = 2147483647;
			files = (
				E7132143267DBE2B00195D5E /* LaunchScreen.storyboard in Resources */,
				E7132140267DBE2B00195D5E /* Assets.xcassets in Resources */,
				E713213E267DBE1D00195D5E /* Main.storyboard in Resources */,
			);
			runOnlyForDeploymentPostprocessing = 0;
		};
/* End PBXResourcesBuildPhase section */

/* Begin PBXSourcesBuildPhase section */
		E713212F267DBE1D00195D5E /* Sources */ = {
			isa = PBXSourcesBuildPhase;
			buildActionMask = 2147483647;
			files = (
				E713213B267DBE1D00195D5E /* ViewController.swift in Sources */,
				E7132137267DBE1D00195D5E /* AppDelegate.swift in Sources */,
				E77D2C1F267F0E5D002DC738 /* result.swift in Sources */,
				E7132139267DBE1D00195D5E /* SceneDelegate.swift in Sources */,
			);
			runOnlyForDeploymentPostprocessing = 0;
		};
/* End PBXSourcesBuildPhase section */

/* Begin PBXVariantGroup section */
		E713213C267DBE1D00195D5E /* Main.storyboard */ = {
			isa = PBXVariantGroup;
			children = (
				E713213D267DBE1D00195D5E /* Base */,
			);
			name = Main.storyboard;
			sourceTree = "<group>";
		};
		E7132141267DBE2B00195D5E /* LaunchScreen.storyboard */ = {
			isa = PBXVariantGroup;
			children = (
				E7132142267DBE2B00195D5E /* Base */,
			);
			name = LaunchScreen.storyboard;
			sourceTree = "<group>";
		};
/* End PBXVariantGroup section */

/* Begin XCBuildConfiguration section */
		E7132145267DBE2B00195D5E /* Debug */ = {
			isa = XCBuildConfiguration;
			buildSettings = {
				ALWAYS_SEARCH_USER_PATHS = NO;
				CLANG_ANALYZER_NONNULL = YES;
				CLANG_ANALYZER_NUMBER_OBJECT_CONVERSION = YES_AGGRESSIVE;
				CLANG_CXX_LANGUAGE_STANDARD = "gnu++14";
				CLANG_CXX_LIBRARY = "libc++";
				CLANG_ENABLE_MODULES = YES;
				CLANG_ENABLE_OBJC_ARC = YES;
				CLANG_ENABLE_OBJC_WEAK = YES;
				CLANG_WARN_BLOCK_CAPTURE_AUTORELEASING = YES;
				CLANG_WARN_BOOL_CONVERSION = YES;
				CLANG_WARN_COMMA = YES;
				CLANG_WARN_CONSTANT_CONVERSION = YES;
				CLANG_WARN_DEPRECATED_OBJC_IMPLEMENTATIONS = YES;
				CLANG_WARN_DIRECT_OBJC_ISA_USAGE = YES_ERROR;
				CLANG_WARN_DOCUMENTATION_COMMENTS = YES;
				CLANG_WARN_EMPTY_BODY = YES;
				CLANG_WARN_ENUM_CONVERSION = YES;
				CLANG_WARN_INFINITE_RECURSION = YES;
				CLANG_WARN_INT_CONVERSION = YES;
				CLANG_WARN_NON_LITERAL_NULL_CONVERSION = YES;
				CLANG_WARN_OBJC_IMPLICIT_RETAIN_SELF = YES;
				CLANG_WARN_OBJC_LITERAL_CONVERSION = YES;
				CLANG_WARN_OBJC_ROOT_CLASS = YES_ERROR;
				CLANG_WARN_RANGE_LOOP_ANALYSIS = YES;
				CLANG_WARN_STRICT_PROTOTYPES = YES;
				CLANG_WARN_SUSPICIOUS_MOVE = YES;
				CLANG_WARN_UNGUARDED_AVAILABILITY = YES_AGGRESSIVE;
				CLANG_WARN_UNREACHABLE_CODE = YES;
				CLANG_WARN__DUPLICATE_METHOD_MATCH = YES;
				COPY_PHASE_STRIP = NO;
				DEBUG_INFORMATION_FORMAT = dwarf;
				ENABLE_STRICT_OBJC_MSGSEND = YES;
				ENABLE_TESTABILITY = YES;
				GCC_C_LANGUAGE_STANDARD = gnu11;
				GCC_DYNAMIC_NO_PIC = NO;
				GCC_NO_COMMON_BLOCKS = YES;
				GCC_OPTIMIZATION_LEVEL = 0;
				GCC_PREPROCESSOR_DEFINITIONS = (
					"DEBUG=1",
					"$(inherited)",
				);
				GCC_WARN_64_TO_32_BIT_CONVERSION = YES;
				GCC_WARN_ABOUT_RETURN_TYPE = YES_ERROR;
				GCC_WARN_UNDECLARED_SELECTOR = YES;
				GCC_WARN_UNINITIALIZED_AUTOS = YES_AGGRESSIVE;
				GCC_WARN_UNUSED_FUNCTION = YES;
				GCC_WARN_UNUSED_VARIABLE = YES;
				IPHONEOS_DEPLOYMENT_TARGET = 13.2;
				MTL_ENABLE_DEBUG_INFO = INCLUDE_SOURCE;
				MTL_FAST_MATH = YES;
				ONLY_ACTIVE_ARCH = YES;
				SDKROOT = iphoneos;
				SWIFT_ACTIVE_COMPILATION_CONDITIONS = DEBUG;
				SWIFT_OPTIMIZATION_LEVEL = "-Onone";
			};
			name = Debug;
		};
		E7132146267DBE2B00195D5E /* Release */ = {
			isa = XCBuildConfiguration;
			buildSettings = {
				ALWAYS_SEARCH_USER_PATHS = NO;
				CLANG_ANALYZER_NONNULL = YES;
				CLANG_ANALYZER_NUMBER_OBJECT_CONVERSION = YES_AGGRESSIVE;
				CLANG_CXX_LANGUAGE_STANDARD = "gnu++14";
				CLANG_CXX_LIBRARY = "libc++";
				CLANG_ENABLE_MODULES = YES;
				CLANG_ENABLE_OBJC_ARC = YES;
				CLANG_ENABLE_OBJC_WEAK = YES;
				CLANG_WARN_BLOCK_CAPTURE_AUTORELEASING = YES;
				CLANG_WARN_BOOL_CONVERSION = YES;
				CLANG_WARN_COMMA = YES;
				CLANG_WARN_CONSTANT_CONVERSION = YES;
				CLANG_WARN_DEPRECATED_OBJC_IMPLEMENTATIONS = YES;
				CLANG_WARN_DIRECT_OBJC_ISA_USAGE = YES_ERROR;
				CLANG_WARN_DOCUMENTATION_COMMENTS = YES;
				CLANG_WARN_EMPTY_BODY = YES;
				CLANG_WARN_ENUM_CONVERSION = YES;
				CLANG_WARN_INFINITE_RECURSION = YES;
				CLANG_WARN_INT_CONVERSION = YES;
				CLANG_WARN_NON_LITERAL_NULL_CONVERSION = YES;
				CLANG_WARN_OBJC_IMPLICIT_RETAIN_SELF = YES;
				CLANG_WARN_OBJC_LITERAL_CONVERSION = YES;
				CLANG_WARN_OBJC_ROOT_CLASS = YES_ERROR;
				CLANG_WARN_RANGE_LOOP_ANALYSIS = YES;
				CLANG_WARN_STRICT_PROTOTYPES = YES;
				CLANG_WARN_SUSPICIOUS_MOVE = YES;
				CLANG_WARN_UNGUARDED_AVAILABILITY = YES_AGGRESSIVE;
				CLANG_WARN_UNREACHABLE_CODE = YES;
				CLANG_WARN__DUPLICATE_METHOD_MATCH = YES;
				COPY_PHASE_STRIP = NO;
				DEBUG_INFORMATION_FORMAT = "dwarf-with-dsym";
				ENABLE_NS_ASSERTIONS = NO;
				ENABLE_STRICT_OBJC_MSGSEND = YES;
				GCC_C_LANGUAGE_STANDARD = gnu11;
				GCC_NO_COMMON_BLOCKS = YES;
				GCC_WARN_64_TO_32_BIT_CONVERSION = YES;
				GCC_WARN_ABOUT_RETURN_TYPE = YES_ERROR;
				GCC_WARN_UNDECLARED_SELECTOR = YES;
				GCC_WARN_UNINITIALIZED_AUTOS = YES_AGGRESSIVE;
				GCC_WARN_UNUSED_FUNCTION = YES;
				GCC_WARN_UNUSED_VARIABLE = YES;
				IPHONEOS_DEPLOYMENT_TARGET = 13.2;
				MTL_ENABLE_DEBUG_INFO = NO;
				MTL_FAST_MATH = YES;
				SDKROOT = iphoneos;
				SWIFT_COMPILATION_MODE = wholemodule;
				SWIFT_OPTIMIZATION_LEVEL = "-O";
				VALIDATE_PRODUCT = YES;
			};
			name = Release;
		};
		E7132148267DBE2B00195D5E /* Debug */ = {
			isa = XCBuildConfiguration;
			buildSettings = {
				ASSETCATALOG_COMPILER_APPICON_NAME = AppIcon;
				CODE_SIGN_STYLE = Automatic;
				INFOPLIST_FILE = EvenOdd/Info.plist;
				LD_RUNPATH_SEARCH_PATHS = (
					"$(inherited)",
					"@executable_path/Frameworks",
				);
				PRODUCT_BUNDLE_IDENTIFIER = vnsgu.EvenOdd;
				PRODUCT_NAME = "$(TARGET_NAME)";
				SWIFT_VERSION = 5.0;
				TARGETED_DEVICE_FAMILY = "1,2";
			};
			name = Debug;
		};
		E7132149267DBE2B00195D5E /* Release */ = {
			isa = XCBuildConfiguration;
			buildSettings = {
				ASSETCATALOG_COMPILER_APPICON_NAME = AppIcon;
				CODE_SIGN_STYLE = Automatic;
				INFOPLIST_FILE = EvenOdd/Info.plist;
				LD_RUNPATH_SEARCH_PATHS = (
					"$(inherited)",
					"@executable_path/Frameworks",
				);
				PRODUCT_BUNDLE_IDENTIFIER = vnsgu.EvenOdd;
				PRODUCT_NAME = "$(TARGET_NAME)";
				SWIFT_VERSION = 5.0;
				TARGETED_DEVICE_FAMILY = "1,2";
			};
			name = Release;
		};
/* End XCBuildConfiguration section */

/* Begin XCConfigurationList section */
		E713212E267DBE1D00195D5E /* Build configuration list for PBXProject "EvenOdd" */ = {
			isa = XCConfigurationList;
			buildConfigurations = (
				E7132145267DBE2B00195D5E /* Debug */,
				E7132146267DBE2B00195D5E /* Release */,
			);
			defaultConfigurationIsVisible = 0;
			defaultConfigurationName = Release;
		};
		E7132147267DBE2B00195D5E /* Build configuration list for PBXNativeTarget "EvenOdd" */ = {
			isa = XCConfigurationList;
			buildConfigurations = (
				E7132148267DBE2B00195D5E /* Debug */,
				E7132149267DBE2B00195D5E /* Release */,
			);
			defaultConfigurationIsVisible = 0;
			defaultConfigurationName = Release;
		};
/* End XCConfigurationList section */
	};
	rootObject = E713212B267DBE1D00195D5E /* Project object */;
}
